// !$*UTF8*$!
{
	archiveVersion = 1;
	classes = {
	};
	objectVersion = 46;
	objects = {

/* Begin PBXBuildFile section */
		8643F4091CC771DC00472CB4 /* main.c in Sources */ = {isa = PBXBuildFile; fileRef = 8643F4081CC771DC00472CB4 /* main.c */; };
		8643F4171CC7720600472CB4 /* example2.c in Sources */ = {isa = PBXBuildFile; fileRef = 8643F4101CC7720600472CB4 /* example2.c */; };
		8643F4181CC7720600472CB4 /* example3.c in Sources */ = {isa = PBXBuildFile; fileRef = 8643F4111CC7720600472CB4 /* example3.c */; };
		8643F4191CC7720600472CB4 /* SeqList.c in Sources */ = {isa = PBXBuildFile; fileRef = 8643F4121CC7720600472CB4 /* SeqList.c */; };
		8643F41A1CC7720600472CB4 /* LinkList.c in Sources */ = {isa = PBXBuildFile; fileRef = 8643F4151CC7720600472CB4 /* LinkList.c */; };
/* End PBXBuildFile section */

/* Begin PBXCopyFilesBuildPhase section */
		8643F4031CC771DC00472CB4 /* CopyFiles */ = {
			isa = PBXCopyFilesBuildPhase;
			buildActionMask = 2147483647;
			dstPath = /usr/share/man/man1/;
			dstSubfolderSpec = 0;
			files = (
			);
			runOnlyForDeploymentPostprocessing = 1;
		};
/* End PBXCopyFilesBuildPhase section */

/* Begin PBXFileReference section */
		8643F4051CC771DC00472CB4 /* datastruct */ = {isa = PBXFileReference; explicitFileType = "compiled.mach-o.executable"; includeInIndex = 0; path = datastruct; sourceTree = BUILT_PRODUCTS_DIR; };
		8643F4081CC771DC00472CB4 /* main.c */ = {isa = PBXFileReference; lastKnownFileType = sourcecode.c.c; path = main.c; sourceTree = "<group>"; };
		8643F4101CC7720600472CB4 /* example2.c */ = {isa = PBXFileReference; fileEncoding = 4; lastKnownFileType = sourcecode.c.c; path = example2.c; sourceTree = "<group>"; };
		8643F4111CC7720600472CB4 /* example3.c */ = {isa = PBXFileReference; fileEncoding = 4; lastKnownFileType = sourcecode.c.c; path = example3.c; sourceTree = "<group>"; };
		8643F4121CC7720600472CB4 /* SeqList.c */ = {isa = PBXFileReference; fileEncoding = 4; lastKnownFileType = sourcecode.c.c; path = SeqList.c; sourceTree = "<group>"; };
		8643F4131CC7720600472CB4 /* SeqList.h */ = {isa = PBXFileReference; fileEncoding = 4; lastKnownFileType = sourcecode.c.h; path = SeqList.h; sourceTree = "<group>"; };
		8643F4151CC7720600472CB4 /* LinkList.c */ = {isa = PBXFileReference; fileEncoding = 4; lastKnownFileType = sourcecode.c.c; path = LinkList.c; sourceTree = "<group>"; };
		8643F4161CC7720600472CB4 /* LinkList.h */ = {isa = PBXFileReference; fileEncoding = 4; lastKnownFileType = sourcecode.c.h; path = LinkList.h; sourceTree = "<group>"; };
/* End PBXFileReference section */

/* Begin PBXFrameworksBuildPhase section */
		8643F4021CC771DC00472CB4 /* Frameworks */ = {
			isa = PBXFrameworksBuildPhase;
			buildActionMask = 2147483647;
			files = (
			);
			runOnlyForDeploymentPostprocessing = 0;
		};
/* End PBXFrameworksBuildPhase section */

/* Begin PBXGroup section */
		8643F3FC1CC771DC00472CB4 = {
			isa = PBXGroup;
			children = (
				8643F40F1CC7720600472CB4 /* linearlist */,
				8643F4141CC7720600472CB4 /* linklist */,
				8643F4071CC771DC00472CB4 /* datastruct */,
				8643F4061CC771DC00472CB4 /* Products */,
			);
			sourceTree = "<group>";
		};
		8643F4061CC771DC00472CB4 /* Products */ = {
			isa = PBXGroup;
			children = (
				8643F4051CC771DC00472CB4 /* datastruct */,
			);
			name = Products;
			sourceTree = "<group>";
		};
		8643F4071CC771DC00472CB4 /* datastruct */ = {
			isa = PBXGroup;
			children = (
				8643F4081CC771DC00472CB4 /* main.c */,
			);
			path = datastruct;
			sourceTree = "<group>";
		};
		8643F40F1CC7720600472CB4 /* linearlist */ = {
			isa = PBXGroup;
			children = (
				8643F4101CC7720600472CB4 /* example2.c */,
				8643F4111CC7720600472CB4 /* example3.c */,
				8643F4121CC7720600472CB4 /* SeqList.c */,
				8643F4131CC7720600472CB4 /* SeqList.h */,
			);
			path = linearlist;
			sourceTree = "<group>";
		};
		8643F4141CC7720600472CB4 /* linklist */ = {
			isa = PBXGroup;
			children = (
				8643F4151CC7720600472CB4 /* LinkList.c */,
				8643F4161CC7720600472CB4 /* LinkList.h */,
			);
			path = linklist;
			sourceTree = "<group>";
		};
/* End PBXGroup section */

/* Begin PBXNativeTarget section */
		8643F4041CC771DC00472CB4 /* datastruct */ = {
			isa = PBXNativeTarget;
			buildConfigurationList = 8643F40C1CC771DC00472CB4 /* Build configuration list for PBXNativeTarget "datastruct" */;
			buildPhases = (
				8643F4011CC771DC00472CB4 /* Sources */,
				8643F4021CC771DC00472CB4 /* Frameworks */,
				8643F4031CC771DC00472CB4 /* CopyFiles */,
			);
			buildRules = (
			);
			dependencies = (
			);
			name = datastruct;
			productName = datastruct;
			productReference = 8643F4051CC771DC00472CB4 /* datastruct */;
			productType = "com.apple.product-type.tool";
		};
/* End PBXNativeTarget section */

/* Begin PBXProject section */
		8643F3FD1CC771DC00472CB4 /* Project object */ = {
			isa = PBXProject;
			attributes = {
				LastUpgradeCheck = 0620;
				ORGANIZATIONNAME = jiangbin;
				TargetAttributes = {
					8643F4041CC771DC00472CB4 = {
						CreatedOnToolsVersion = 6.2;
					};
				};
			};
			buildConfigurationList = 8643F4001CC771DC00472CB4 /* Build configuration list for PBXProject "datastruct" */;
			compatibilityVersion = "Xcode 3.2";
			developmentRegion = English;
			hasScannedForEncodings = 0;
			knownRegions = (
				en,
			);
			mainGroup = 8643F3FC1CC771DC00472CB4;
			productRefGroup = 8643F4061CC771DC00472CB4 /* Products */;
			projectDirPath = "";
			projectRoot = "";
			targets = (
				8643F4041CC771DC00472CB4 /* datastruct */,
			);
		};
/* End PBXProject section */

/* Begin PBXSourcesBuildPhase section */
		8643F4011CC771DC00472CB4 /* Sources */ = {
			isa = PBXSourcesBuildPhase;
			buildActionMask = 2147483647;
			files = (
				8643F4091CC771DC00472CB4 /* main.c in Sources */,
				8643F4171CC7720600472CB4 /* example2.c in Sources */,
				8643F4181CC7720600472CB4 /* example3.c in Sources */,
				8643F4191CC7720600472CB4 /* SeqList.c in Sources */,
				8643F41A1CC7720600472CB4 /* LinkList.c in Sources */,
			);
			runOnlyForDeploymentPostprocessing = 0;
		};
/* End PBXSourcesBuildPhase section */

/* Begin XCBuildConfiguration section */
		8643F40A1CC771DC00472CB4 /* Debug */ = {
			isa = XCBuildConfiguration;
			buildSettings = {
				ALWAYS_SEARCH_USER_PATHS = NO;
				CLANG_CXX_LANGUAGE_STANDARD = "gnu++0x";
				CLANG_CXX_LIBRARY = "libc++";
				CLANG_ENABLE_MODULES = YES;
				CLANG_ENABLE_OBJC_ARC = YES;
				CLANG_WARN_BOOL_CONVERSION = YES;
				CLANG_WARN_CONSTANT_CONVERSION = YES;
				CLANG_WARN_DIRECT_OBJC_ISA_USAGE = YES_ERROR;
				CLANG_WARN_EMPTY_BODY = YES;
				CLANG_WARN_ENUM_CONVERSION = YES;
				CLANG_WARN_INT_CONVERSION = YES;
				CLANG_WARN_OBJC_ROOT_CLASS = YES_ERROR;
				CLANG_WARN_UNREACHABLE_CODE = YES;
				CLANG_WARN__DUPLICATE_METHOD_MATCH = YES;
				COPY_PHASE_STRIP = NO;
				ENABLE_STRICT_OBJC_MSGSEND = YES;
				GCC_C_LANGUAGE_STANDARD = gnu99;
				GCC_DYNAMIC_NO_PIC = NO;
				GCC_OPTIMIZATION_LEVEL = 0;
				GCC_PREPROCESSOR_DEFINITIONS = (
					"DEBUG=1",
					"$(inherited)",
				);
				GCC_SYMBOLS_PRIVATE_EXTERN = NO;
				GCC_WARN_64_TO_32_BIT_CONVERSION = YES;
				GCC_WARN_ABOUT_RETURN_TYPE = YES_ERROR;
				GCC_WARN_UNDECLARED_SELECTOR = YES;
				GCC_WARN_UNINITIALIZED_AUTOS = YES_AGGRESSIVE;
				GCC_WARN_UNUSED_FUNCTION = YES;
				GCC_WARN_UNUSED_VARIABLE = YES;
				MACOSX_DEPLOYMENT_TARGET = 10.10;
				MTL_ENABLE_DEBUG_INFO = YES;
				ONLY_ACTIVE_ARCH = YES;
				SDKROOT = macosx;
			};
			name = Debug;
		};
		8643F40B1CC771DC00472CB4 /* Release */ = {
			isa = XCBuildConfiguration;
			buildSettings = {
				ALWAYS_SEARCH_USER_PATHS = NO;
				CLANG_CXX_LANGUAGE_STANDARD = "gnu++0x";
				CLANG_CXX_LIBRARY = "libc++";
				CLANG_ENABLE_MODULES = YES;
				CLANG_ENABLE_OBJC_ARC = YES;
				CLANG_WARN_BOOL_CONVERSION = YES;
				CLANG_WARN_CONSTANT_CONVERSION = YES;
				CLANG_WARN_DIRECT_OBJC_ISA_USAGE = YES_ERROR;
				CLANG_WARN_EMPTY_BODY = YES;
				CLANG_WARN_ENUM_CONVERSION = YES;
				CLANG_WARN_INT_CONVERSION = YES;
				CLANG_WARN_OBJC_ROOT_CLASS = YES_ERROR;
				CLANG_WARN_UNREACHABLE_CODE = YES;
				CLANG_WARN__DUPLICATE_METHOD_MATCH = YES;
				COPY_PHASE_STRIP = NO;
				DEBUG_INFORMATION_FORMAT = "dwarf-with-dsym";
				ENABLE_NS_ASSERTIONS = NO;
				ENABLE_STRICT_OBJC_MSGSEND = YES;
				GCC_C_LANGUAGE_STANDARD = gnu99;
				GCC_WARN_64_TO_32_BIT_CONVERSION = YES;
				GCC_WARN_ABOUT_RETURN_TYPE = YES_ERROR;
				GCC_WARN_UNDECLARED_SELECTOR = YES;
				GCC_WARN_UNINITIALIZED_AUTOS = YES_AGGRESSIVE;
				GCC_WARN_UNUSED_FUNCTION = YES;
				GCC_WARN_UNUSED_VARIABLE = YES;
				MACOSX_DEPLOYMENT_TARGET = 10.10;
				MTL_ENABLE_DEBUG_INFO = NO;
				SDKROOT = macosx;
			};
			name = Release;
		};
		8643F40D1CC771DC00472CB4 /* Debug */ = {
			isa = XCBuildConfiguration;
			buildSettings = {
				PRODUCT_NAME = "$(TARGET_NAME)";
			};
			name = Debug;
		};
		8643F40E1CC771DC00472CB4 /* Release */ = {
			isa = XCBuildConfiguration;
			buildSettings = {
				PRODUCT_NAME = "$(TARGET_NAME)";
			};
			name = Release;
		};
/* End XCBuildConfiguration section */

/* Begin XCConfigurationList section */
		8643F4001CC771DC00472CB4 /* Build configuration list for PBXProject "datastruct" */ = {
			isa = XCConfigurationList;
			buildConfigurations = (
				8643F40A1CC771DC00472CB4 /* Debug */,
				8643F40B1CC771DC00472CB4 /* Release */,
			);
			defaultConfigurationIsVisible = 0;
			defaultConfigurationName = Release;
		};
		8643F40C1CC771DC00472CB4 /* Build configuration list for PBXNativeTarget "datastruct" */ = {
			isa = XCConfigurationList;
			buildConfigurations = (
				8643F40D1CC771DC00472CB4 /* Debug */,
				8643F40E1CC771DC00472CB4 /* Release */,
			);
			defaultConfigurationIsVisible = 0;
		};
/* End XCConfigurationList section */
	};
	rootObject = 8643F3FD1CC771DC00472CB4 /* Project object */;
}
